
Microsoft Visual Studio Solution File, Format Version 12.00
# Visual Studio Version 16
VisualStudioVersion = 16.0.30320.27
MinimumVisualStudioVersion = 10.0.40219.1
Project("{8BC9CEB8-8B4A-11D0-8D11-00A0C91BC942}") = "37TernaryOperator", "37TernaryOperator\37TernaryOperator.vcxproj", "{6FEA3F93-EB54-4B1A-9BE0-34897E2F36C5}"
EndProject
Global
	GlobalSection(SolutionConfigurationPlatforms) = preSolution
		Debug|x64 = Debug|x64
		Debug|x86 = Debug|x86
		Release|x64 = Release|x64
		Release|x86 = Release|x86
	EndGlobalSection
	GlobalSection(ProjectConfigurationPlatforms) = postSolution
		{6FEA3F93-EB54-4B1A-9BE0-34897E2F36C5}.Debug|x64.ActiveCfg = Debug|x64
		{6FEA3F93-EB54-4B1A-9BE0-34897E2F36C5}.Debug|x64.Build.0 = Debug|x64
		{6FEA3F93-EB54-4B1A-9BE0-34897E2F36C5}.Debug|x86.ActiveCfg = Debug|Win32
		{6FEA3F93-EB54-4B1A-9BE0-34897E2F36C5}.Debug|x86.Build.0 = Debug|Win32
		{6FEA3F93-EB54-4B1A-9BE0-34897E2F36C5}.Release|x64.ActiveCfg = Release|x64
		{6FEA3F93-EB54-4B1A-9BE0-34897E2F36C5}.Release|x64.Build.0 = Release|x64
		{6FEA3F93-EB54-4B1A-9BE0-34897E2F36C5}.Release|x86.ActiveCfg = Release|Win32
		{6FEA3F93-EB54-4B1A-9BE0-34897E2F36C5}.Release|x86.Build.0 = Release|Win32
	EndGlobalSection
	GlobalSection(SolutionProperties) = preSolution
		HideSolutionNode = FALSE
	EndGlobalSection
	GlobalSection(ExtensibilityGlobals) = postSolution
		SolutionGuid = {C37A84DD-7EE2-4AAD-9EDE-E1DBBA9ECD05}
	EndGlobalSection
EndGlobal
